
Microsoft Visual Studio Solution File, Format Version 12.00
# Visual Studio Version 17
VisualStudioVersion = 17.10.35122.118
MinimumVisualStudioVersion = 10.0.40219.1
Project("{8BC9CEB8-8B4A-11D0-8D11-00A0C91BC942}") = "RayTracing-CUDA", "RayTracing-CUDA.vcxproj", "{28FDA789-D2BA-4AA5-9BD7-CFB03D7791FC}"
EndProject
Global
	GlobalSection(SolutionConfigurationPlatforms) = preSolution
		Debug|x64 = Debug|x64
		Release|x64 = Release|x64
	EndGlobalSection
	GlobalSection(ProjectConfigurationPlatforms) = postSolution
		{28FDA789-D2BA-4AA5-9BD7-CFB03D7791FC}.Debug|x64.ActiveCfg = Debug|x64
		{28FDA789-D2BA-4AA5-9BD7-CFB03D7791FC}.Debug|x64.Build.0 = Debug|x64
		{28FDA789-D2BA-4AA5-9BD7-CFB03D7791FC}.Release|x64.ActiveCfg = Release|x64
		{28FDA789-D2BA-4AA5-9BD7-CFB03D7791FC}.Release|x64.Build.0 = Release|x64
	EndGlobalSection
	GlobalSection(SolutionProperties) = preSolution
		HideSolutionNode = FALSE
	EndGlobalSection
	GlobalSection(ExtensibilityGlobals) = postSolution
		SolutionGuid = {CDAD82CF-A22F-40C4-ACD3-DD24BDECAE9B}
	EndGlobalSection
EndGlobal
